dependencies:
  '@koa/cors': 3.1.0
  command-line-args: 5.1.1
  command-line-usage: 6.1.1
  dotenv: 8.2.0
  koa: 2.13.1
  koa-body: 4.2.0
  koa-compress: 5.0.1
  koa-router: 10.0.0
  koa-static: 5.0.0
  lokijs: 1.5.11
  rfc6902: 4.0.2
  socket.io: 4.0.0
devDependencies:
  '@types/command-line-args': 5.0.0
  '@types/koa': 2.13.1
  '@types/koa-compose': 3.2.5
  '@types/koa-compress': 4.0.1
  '@types/koa-router': 7.4.1
  '@types/koa-static': 4.0.1
  '@types/lokijs': 1.5.3
  '@types/node': 14.14.35
  rimraf: 3.0.2
  tsc-watch: 4.2.9_typescript@4.2.3
  typescript: 4.2.3
lockfileVersion: 5.2
packages:
  /@koa/cors/3.1.0:
    dependencies:
      vary: 1.1.2
    dev: false
    engines:
      node: '>= 8.0.0'
    resolution:
      integrity: sha512-7ulRC1da/rBa6kj6P4g2aJfnET3z8Uf3SWu60cjbtxTA5g8lxRdX/Bd2P92EagGwwAhANeNw8T8if99rJliR6Q==
  /@types/accepts/1.3.5:
    dependencies:
      '@types/node': 14.14.35
    dev: true
    resolution:
      integrity: sha512-jOdnI/3qTpHABjM5cx1Hc0sKsPoYCp+DP/GJRGtDlPd7fiV9oXGGIcjW/ZOxLIvjGz8MA+uMZI9metHlgqbgwQ==
  /@types/body-parser/1.19.0:
    dependencies:
      '@types/connect': 3.4.34
      '@types/node': 14.14.35
    dev: true
    resolution:
      integrity: sha512-W98JrE0j2K78swW4ukqMleo8R7h/pFETjM2DQ90MF6XK2i4LO4W3gQ71Lt4w3bfm2EvVSyWHplECvB5sK22yFQ==
  /@types/command-line-args/5.0.0:
    dev: true
    resolution:
      integrity: sha512-4eOPXyn5DmP64MCMF8ePDvdlvlzt2a+F8ZaVjqmh2yFCpGjc1kI3kGnCFYX9SCsGTjQcWIyVZ86IHCEyjy/MNg==
  /@types/component-emitter/1.2.10:
    dev: false
    resolution:
      integrity: sha512-bsjleuRKWmGqajMerkzox19aGbscQX5rmmvvXl3wlIp5gMG1HgkiwPxsN5p070fBDKTNSPgojVbuY1+HWMbFhg==
  /@types/connect/3.4.34:
    dependencies:
      '@types/node': 14.14.35
    dev: true
    resolution:
      integrity: sha512-ePPA/JuI+X0vb+gSWlPKOY0NdNAie/rPUqX2GUPpbZwiKTkSPhjXWuee47E4MtE54QVzGCQMQkAL6JhV2E1+cQ==
  /@types/content-disposition/0.5.3:
    dev: true
    resolution:
      integrity: sha512-P1bffQfhD3O4LW0ioENXUhZ9OIa0Zn+P7M+pWgkCKaT53wVLSq0mrKksCID/FGHpFhRSxRGhgrQmfhRuzwtKdg==
  /@types/cookie/0.4.0:
    dev: false
    resolution:
      integrity: sha512-y7mImlc/rNkvCRmg8gC3/lj87S7pTUIJ6QGjwHR9WQJcFs+ZMTOaoPrkdFA/YdbuqVEmEbb5RdhVxMkAcgOnpg==
  /@types/cookies/0.7.6:
    dependencies:
      '@types/connect': 3.4.34
      '@types/express': 4.17.11
      '@types/keygrip': 1.0.2
      '@types/node': 14.14.35
    dev: true
    resolution:
      integrity: sha512-FK4U5Qyn7/Sc5ih233OuHO0qAkOpEcD/eG6584yEiLKizTFRny86qHLe/rej3HFQrkBuUjF4whFliAdODbVN/w==
  /@types/cors/2.8.10:
    dev: false
    resolution:
      integrity: sha512-C7srjHiVG3Ey1nR6d511dtDkCEjxuN9W1HWAEjGq8kpcwmNM6JJkpC0xvabM7BXTG2wDq8Eu33iH9aQKa7IvLQ==
  /@types/express-serve-static-core/4.17.19:
    dependencies:
      '@types/node': 14.14.35
      '@types/qs': 6.9.6
      '@types/range-parser': 1.2.3
    dev: true
    resolution:
      integrity: sha512-DJOSHzX7pCiSElWaGR8kCprwibCB/3yW6vcT8VG3P0SJjnv19gnWG/AZMfM60Xj/YJIp/YCaDHyvzsFVeniARA==
  /@types/express/4.17.11:
    dependencies:
      '@types/body-parser': 1.19.0
      '@types/express-serve-static-core': 4.17.19
      '@types/qs': 6.9.6
      '@types/serve-static': 1.13.9
    dev: true
    resolution:
      integrity: sha512-no+R6rW60JEc59977wIxreQVsIEOAYwgCqldrA/vkpCnbD7MqTefO97lmoBe4WE0F156bC4uLSP1XHDOySnChg==
  /@types/formidable/1.2.0:
    dependencies:
      '@types/node': 14.14.35
    dev: false
    resolution:
      integrity: sha512-Gpj8Jc/M29THMBThhvprrY1eJe2+9E/LhyiLrzwgTT5X/FNkpqxmnH8KuX7SLSSOYnVWsxoZZEspXzc4+UR17Q==
  /@types/http-assert/1.5.1:
    dev: true
    resolution:
      integrity: sha512-PGAK759pxyfXE78NbKxyfRcWYA/KwW17X290cNev/qAsn9eQIxkH4shoNBafH37wewhDG/0p1cHPbK6+SzZjWQ==
  /@types/http-errors/1.8.0:
    dev: true
    resolution:
      integrity: sha512-2aoSC4UUbHDj2uCsCxcG/vRMXey/m17bC7UwitVm5hn22nI8O8Y9iDpA76Orc+DWkQ4zZrOKEshCqR/jSuXAHA==
  /@types/keygrip/1.0.2:
    dev: true
    resolution:
      integrity: sha512-GJhpTepz2udxGexqos8wgaBx4I/zWIDPh/KOGEwAqtuGDkOUJu5eFvwmdBX4AmB8Odsr+9pHCQqiAqDL/yKMKw==
  /@types/koa-compose/3.2.5:
    dependencies:
      '@types/koa': 2.13.1
    dev: true
    resolution:
      integrity: sha512-B8nG/OoE1ORZqCkBVsup/AKcvjdgoHnfi4pZMn5UwAPCbhk/96xyv284eBYW8JlQbQ7zDmnpFr68I/40mFoIBQ==
  /@types/koa-compress/4.0.1:
    dependencies:
      '@types/koa': 2.13.1
      '@types/node': 14.14.35
    dev: true
    resolution:
      integrity: sha512-gIWOZ/Rl6sSV84x5ujVm5nOCgLjY8hMeTwf3j1he5JVVhfOWgE+pK7dxSOQUGG9Pbmdiqz9YDwVFbHBgVfN/Pw==
  /@types/koa-router/7.4.1:
    dependencies:
      '@types/koa': 2.13.1
    dev: true
    resolution:
      integrity: sha512-Hg78TXz78QYfEgdq3nTeRmQFEwJKZljsXb/DhtexmyrpRDRnl59oMglh9uPj3/WgKor0woANrYTnxA8gaWGK2A==
  /@types/koa-send/4.1.2:
    dependencies:
      '@types/koa': 2.13.1
    dev: true
    resolution:
      integrity: sha512-rfqKIv9bFds39Jxvsp8o3YJLnEQVPVriYA14AuO2OY65IHh/4UX4U/iMs5L0wATpcRmm1bbe0BNk23TRwx3VQQ==
  /@types/koa-static/4.0.1:
    dependencies:
      '@types/koa': 2.13.1
      '@types/koa-send': 4.1.2
    dev: true
    resolution:
      integrity: sha512-SSpct5fEcAeRkBHa3RiwCIRfDHcD1cZRhwRF///ZfvRt8KhoqRrhK6wpDlYPk/vWHVFE9hPGqh68bhzsHkir4w==
  /@types/koa/2.13.1:
    dependencies:
      '@types/accepts': 1.3.5
      '@types/content-disposition': 0.5.3
      '@types/cookies': 0.7.6
      '@types/http-assert': 1.5.1
      '@types/http-errors': 1.8.0
      '@types/keygrip': 1.0.2
      '@types/koa-compose': 3.2.5
      '@types/node': 14.14.35
    dev: true
    resolution:
      integrity: sha512-Qbno7FWom9nNqu0yHZ6A0+RWt4mrYBhw3wpBAQ3+IuzGcLlfeYkzZrnMq5wsxulN2np8M4KKeUpTodsOsSad5Q==
  /@types/lokijs/1.5.3:
    dev: true
    resolution:
      integrity: sha512-ssiP6F7rpDqlaOzo+0Y/0dkVH2JiAjc+o7n6M4pFnfAMscf+7FthqS0cobvGJEJvxmzp4PWfMOfe0q3VETtrgQ==
  /@types/mime/1.3.2:
    dev: true
    resolution:
      integrity: sha512-YATxVxgRqNH6nHEIsvg6k2Boc1JHI9ZbH5iWFFv/MTkchz3b1ieGDa5T0a9RznNdI0KhVbdbWSN+KWWrQZRxTw==
  /@types/node/14.14.35:
    resolution:
      integrity: sha512-Lt+wj8NVPx0zUmUwumiVXapmaLUcAk3yPuHCFVXras9k5VT9TdhJqKqGVUQCD60OTMCl0qxJ57OiTL0Mic3Iag==
  /@types/qs/6.9.6:
    dev: true
    resolution:
      integrity: sha512-0/HnwIfW4ki2D8L8c9GVcG5I72s9jP5GSLVF0VIXDW00kmIpA6O33G7a8n59Tmh7Nz0WUC3rSb7PTY/sdW2JzA==
  /@types/range-parser/1.2.3:
    dev: true
    resolution:
      integrity: sha512-ewFXqrQHlFsgc09MK5jP5iR7vumV/BYayNC6PgJO2LPe8vrnNFyjQjSppfEngITi0qvfKtzFvgKymGheFM9UOA==
  /@types/serve-static/1.13.9:
    dependencies:
      '@types/mime': 1.3.2
      '@types/node': 14.14.35
    dev: true
    resolution:
      integrity: sha512-ZFqF6qa48XsPdjXV5Gsz0Zqmux2PerNd3a/ktL45mHpa19cuMi/cL8tcxdAx497yRh+QtYPuofjT9oWw9P7nkA==
  /accepts/1.3.7:
    dependencies:
      mime-types: 2.1.29
      negotiator: 0.6.2
    dev: false
    engines:
      node: '>= 0.6'
    resolution:
      integrity: sha512-Il80Qs2WjYlJIBNzNkK6KYqlVMTbZLXgHx2oT0pU/fjRHyEp+PEfEPY0R3WCwAGVOtauxh1hOxNgIf5bv7dQpA==
  /ansi-regex/5.0.0:
    dev: true
    engines:
      node: '>=8'
    resolution:
      integrity: sha512-bY6fj56OUQ0hU1KjFNDQuJFezqKdrAyFdIevADiqrWHwSlbmBNMHp5ak2f40Pm8JTFyM2mqxkG6ngkHO11f/lg==
  /ansi-styles/3.2.1:
    dependencies:
      color-convert: 1.9.3
    dev: false
    engines:
      node: '>=4'
    resolution:
      integrity: sha512-VT0ZI6kZRdTh8YyJw3SMbYm/u+NqfsAxEpWO0Pf9sq8/e94WxxOpPKx9FR1FlyCtOVDNOQ+8ntlqFxiRc+r5qA==
  /any-promise/1.3.0:
    dev: false
    resolution:
      integrity: sha1-q8av7tzqUugJzcA3au0845Y10X8=
  /array-back/3.1.0:
    dev: false
    engines:
      node: '>=6'
    resolution:
      integrity: sha512-TkuxA4UCOvxuDK6NZYXCalszEzj+TLszyASooky+i742l9TqsOdYCMJJupxRic61hwquNtppB3hgcuq9SVSH1Q==
  /array-back/4.0.1:
    dev: false
    engines:
      node: '>=8'
    resolution:
      integrity: sha512-Z/JnaVEXv+A9xabHzN43FiiiWEE7gPCRXMrVmRm00tWbjZRul1iHm7ECzlyNq1p4a4ATXz+G9FJ3GqGOkOV3fg==
  /balanced-match/1.0.0:
    dev: true
    resolution:
      integrity: sha1-ibTRmasr7kneFk6gK4nORi1xt2c=
  /base64-arraybuffer/0.1.4:
    dev: false
    engines:
      node: '>= 0.6.0'
    resolution:
      integrity: sha1-mBjHngWbE1X5fgQooBfIOOkLqBI=
  /base64id/2.0.0:
    dev: false
    engines:
      node: ^4.5.0 || >= 5.9
    resolution:
      integrity: sha512-lGe34o6EHj9y3Kts9R4ZYs/Gr+6N7MCaMlIFA3F1R2O5/m7K06AxfSeO5530PEERE6/WyEg3lsuyw4GHlPZHog==
  /brace-expansion/1.1.11:
    dependencies:
      balanced-match: 1.0.0
      concat-map: 0.0.1
    dev: true
    resolution:
      integrity: sha512-iCuPHDFgrHX7H2vEI/5xpz07zSHB00TpugqhmYtVmMO6518mCuRMoOYFldEBl0g187ufozdaHgWKcYFb61qGiA==
  /bytes/3.1.0:
    dev: false
    engines:
      node: '>= 0.8'
    resolution:
      integrity: sha512-zauLjrfCG+xvoyaqLoV8bLVXXNGC4JqlxFCutSDWA6fJrTo2ZuvLYTqZ7aHBLZSMOopbzwv8f+wZcVzfVTI2Dg==
  /cache-content-type/1.0.1:
    dependencies:
      mime-types: 2.1.29
      ylru: 1.2.1
    dev: false
    engines:
      node: '>= 6.0.0'
    resolution:
      integrity: sha512-IKufZ1o4Ut42YUrZSo8+qnMTrFuKkvyoLXUywKz9GJ5BrhOFGhLdkx9sG4KAnVvbY6kEcSFjLQul+DVmBm2bgA==
  /call-bind/1.0.2:
    dependencies:
      function-bind: 1.1.1
      get-intrinsic: 1.1.1
    dev: false
    resolution:
      integrity: sha512-7O+FbCihrB5WGbFYesctwmTKae6rOiIzmz1icreWJ+0aA7LJfuqhEso2T9ncpcFtzMQtzXf2QGGueWJGTYsqrA==
  /chalk/2.4.2:
    dependencies:
      ansi-styles: 3.2.1
      escape-string-regexp: 1.0.5
      supports-color: 5.5.0
    dev: false
    engines:
      node: '>=4'
    resolution:
      integrity: sha512-Mti+f9lpJNcwF4tWV8/OrTTtF1gZi+f8FqlyAdouralcFWFQWF2+NgCHShjkCb+IFBLq9buZwE1xckQU4peSuQ==
  /co-body/5.2.0:
    dependencies:
      inflation: 2.0.0
      qs: 6.10.1
      raw-body: 2.4.1
      type-is: 1.6.18
    dev: false
    resolution:
      integrity: sha512-sX/LQ7LqUhgyaxzbe7IqwPeTr2yfpfUIQ/dgpKo6ZI4y4lpQA0YxAomWIY+7I7rHWcG02PG+OuPREzMW/5tszQ==
  /co/4.6.0:
    dev: false
    engines:
      iojs: '>= 1.0.0'
      node: '>= 0.12.0'
    resolution:
      integrity: sha1-bqa989hTrlTMuOR7+gvz+QMfsYQ=
  /color-convert/1.9.3:
    dependencies:
      color-name: 1.1.3
    dev: false
    resolution:
      integrity: sha512-QfAUtd+vFdAtFQcC8CCyYt1fYWxSqAiK2cSD6zDB8N3cpsEBAvRxp9zOGg6G/SHHJYAT88/az/IuDGALsNVbGg==
  /color-name/1.1.3:
    dev: false
    resolution:
      integrity: sha1-p9BVi9icQveV3UIyj3QIMcpTvCU=
  /command-line-args/5.1.1:
    dependencies:
      array-back: 3.1.0
      find-replace: 3.0.0
      lodash.camelcase: 4.3.0
      typical: 4.0.0
    dev: false
    engines:
      node: '>=4.0.0'
    resolution:
      integrity: sha512-hL/eG8lrll1Qy1ezvkant+trihbGnaKaeEjj6Scyr3DN+RC7iQ5Rz84IeLERfAWDGo0HBSNAakczwgCilDXnWg==
  /command-line-usage/6.1.1:
    dependencies:
      array-back: 4.0.1
      chalk: 2.4.2
      table-layout: 1.0.2
      typical: 5.2.0
    dev: false
    engines:
      node: '>=8.0.0'
    resolution:
      integrity: sha512-F59pEuAR9o1SF/bD0dQBDluhpT4jJQNWUHEuVBqpDmCUo6gPjCi+m9fCWnWZVR/oG6cMTUms4h+3NPl74wGXvA==
  /component-emitter/1.3.0:
    dev: false
    resolution:
      integrity: sha512-Rd3se6QB+sO1TwqZjscQrurpEPIfO0/yYnSin6Q/rD3mOutHvUrCAhJub3r90uNb+SESBuE0QYoB90YdfatsRg==
  /compressible/2.0.18:
    dependencies:
      mime-db: 1.46.0
    dev: false
    engines:
      node: '>= 0.6'
    resolution:
      integrity: sha512-AF3r7P5dWxL8MxyITRMlORQNaOA2IkAFaTr4k7BUumjPtRpGDTZpl0Pb1XCO6JeDCBdp126Cgs9sMxqSjgYyRg==
  /concat-map/0.0.1:
    dev: true
    resolution:
      integrity: sha1-2Klr13/Wjfd5OnMDajug1UBdR3s=
  /content-disposition/0.5.3:
    dependencies:
      safe-buffer: 5.1.2
    dev: false
    engines:
      node: '>= 0.6'
    resolution:
      integrity: sha512-ExO0774ikEObIAEV9kDo50o+79VCUdEB6n6lzKgGwupcVeRlhrj3qGAfwq8G6uBJjkqLrhT0qEYFcWng8z1z0g==
  /content-type/1.0.4:
    dev: false
    engines:
      node: '>= 0.6'
    resolution:
      integrity: sha512-hIP3EEPs8tB9AT1L+NUqtwOAps4mk2Zob89MWXMHjHWg9milF/j4osnnQLXBCBFBk/tvIG/tUc9mOUJiPBhPXA==
  /cookie/0.4.1:
    dev: false
    engines:
      node: '>= 0.6'
    resolution:
      integrity: sha512-ZwrFkGJxUR3EIoXtO+yVE69Eb7KlixbaeAWfBQB9vVsNn/o+Yw69gBWSSDK825hQNdN+wF8zELf3dFNl/kxkUA==
  /cookies/0.8.0:
    dependencies:
      depd: 2.0.0
      keygrip: 1.1.0
    dev: false
    engines:
      node: '>= 0.8'
    resolution:
      integrity: sha512-8aPsApQfebXnuI+537McwYsDtjVxGm8gTIzQI3FDW6t5t/DAhERxtnbEPN/8RX+uZthoz4eCOgloXaE5cYyNow==
  /cors/2.8.5:
    dependencies:
      object-assign: 4.1.1
      vary: 1.1.2
    dev: false
    engines:
      node: '>= 0.10'
    resolution:
      integrity: sha512-KIHbLJqu73RGr/hnbrO9uBeixNGuvSQjul/jdFvS/KFSIH1hWVd1ng7zOHx+YrEfInLG7q4n6GHQ9cDtxv/P6g==
  /cross-spawn/7.0.3:
    dependencies:
      path-key: 3.1.1
      shebang-command: 2.0.0
      which: 2.0.2
    dev: true
    engines:
      node: '>= 8'
    resolution:
      integrity: sha512-iRDPJKUPVEND7dHPO8rkbOnPpyDygcDFtWjpeWNCgy8WP2rXcxXL8TskReQl6OrB2G7+UJrags1q15Fudc7G6w==
  /debug/3.1.0:
    dependencies:
      ms: 2.0.0
    dev: false
    resolution:
      integrity: sha512-OX8XqP7/1a9cqkxYw2yXss15f26NKWBpDXQd0/uK/KPqdQhxbPa994hnzjcE2VqQpDslf55723cKPUOGSmMY3g==
  /debug/3.2.7:
    dependencies:
      ms: 2.1.3
    dev: false
    resolution:
      integrity: sha512-CFjzYYAi4ThfiQvizrFQevTTXHtnCqWfe7x1AhgEscTz6ZbLbfoLRLPugTQyBth6f8ZERVUSyWHFD/7Wu4t1XQ==
  /debug/4.3.1:
    dependencies:
      ms: 2.1.2
    dev: false
    engines:
      node: '>=6.0'
    peerDependencies:
      supports-color: '*'
    peerDependenciesMeta:
      supports-color:
        optional: true
    resolution:
      integrity: sha512-doEwdvm4PCeK4K3RQN2ZC2BYUBaxwLARCqZmMjtF8a51J2Rb0xpVloFRnCODwqjpwnAoao4pelN8l3RJdv3gRQ==
  /deep-equal/1.0.1:
    dev: false
    resolution:
      integrity: sha1-9dJgKStmDghO/0zbyfCK0yR0SLU=
  /deep-extend/0.6.0:
    dev: false
    engines:
      node: '>=4.0.0'
    resolution:
      integrity: sha512-LOHxIOaPYdHlJRtCQfDIVZtfw/ufM8+rVj649RIHzcm/vGwQRXFt6OPqIFWsm2XEMrNIEtWR64sY1LEKD2vAOA==
  /delegates/1.0.0:
    dev: false
    resolution:
      integrity: sha1-hMbhWbgZBP3KWaDvRM2HDTElD5o=
  /depd/1.1.2:
    dev: false
    engines:
      node: '>= 0.6'
    resolution:
      integrity: sha1-m81S4UwJd2PnSbJ0xDRu0uVgtak=
  /depd/2.0.0:
    dev: false
    engines:
      node: '>= 0.8'
    resolution:
      integrity: sha512-g7nH6P6dyDioJogAAGprGpCtVImJhpPk/roCzdb3fIh61/s/nPsfR6onyMwkCAR/OlC3yBC0lESvUoQEAssIrw==
  /destroy/1.0.4:
    dev: false
    resolution:
      integrity: sha1-l4hXRCxEdJ5CBmE+N5RiBYJqvYA=
  /dotenv/8.2.0:
    dev: false
    engines:
      node: '>=8'
    resolution:
      integrity: sha512-8sJ78ElpbDJBHNeBzUbUVLsqKdccaa/BXF1uPTw3GrvQTBgrQrtObr2mUrE38vzYd8cEv+m/JBfDLioYcfXoaw==
  /duplexer/0.1.2:
    dev: true
    resolution:
      integrity: sha512-jtD6YG370ZCIi/9GTaJKQxWTZD045+4R4hTk/x1UyoqadyJ9x9CgSi1RlVDQF8U2sxLLSnFkCaMihqljHIWgMg==
  /ee-first/1.1.1:
    dev: false
    resolution:
      integrity: sha1-WQxhFWsK4vTwJVcyoViyZrxWsh0=
  /encodeurl/1.0.2:
    dev: false
    engines:
      node: '>= 0.8'
    resolution:
      integrity: sha1-rT/0yG7C0CkyL1oCw6mmBslbP1k=
  /engine.io-parser/4.0.2:
    dependencies:
      base64-arraybuffer: 0.1.4
    dev: false
    engines:
      node: '>=8.0.0'
    resolution:
      integrity: sha512-sHfEQv6nmtJrq6TKuIz5kyEKH/qSdK56H/A+7DnAuUPWosnIZAS2NHNcPLmyjtY3cGS/MqJdZbUjW97JU72iYg==
  /engine.io/5.0.0:
    dependencies:
      accepts: 1.3.7
      base64id: 2.0.0
      cookie: 0.4.1
      cors: 2.8.5
      debug: 4.3.1
      engine.io-parser: 4.0.2
      ws: 7.4.4
    dev: false
    engines:
      node: '>=10.0.0'
    resolution:
      integrity: sha512-BATIdDV3H1SrE9/u2BAotvsmjJg0t1P4+vGedImSs1lkFAtQdvk4Ev1y4LDiPF7BPWgXWEG+NDY+nLvW3UrMWw==
  /escape-html/1.0.3:
    dev: false
    resolution:
      integrity: sha1-Aljq5NPQwJdN4cFpGI7wBR0dGYg=
  /escape-string-regexp/1.0.5:
    dev: false
    engines:
      node: '>=0.8.0'
    resolution:
      integrity: sha1-G2HAViGQqN/2rjuyzwIAyhMLhtQ=
  /event-stream/3.3.4:
    dependencies:
      duplexer: 0.1.2
      from: 0.1.7
      map-stream: 0.1.0
      pause-stream: 0.0.11
      split: 0.3.3
      stream-combiner: 0.0.4
      through: 2.3.8
    dev: true
    resolution:
      integrity: sha1-SrTJoPWlTbkzi0w02Gv86PSzVXE=
  /find-replace/3.0.0:
    dependencies:
      array-back: 3.1.0
    dev: false
    engines:
      node: '>=4.0.0'
    resolution:
      integrity: sha512-6Tb2myMioCAgv5kfvP5/PkZZ/ntTpVK39fHY7WkWBgvbeE+VHd/tZuZ4mrC+bxh4cfOZeYKVPaJIZtZXV7GNCQ==
  /formidable/1.2.2:
    dev: false
    resolution:
      integrity: sha512-V8gLm+41I/8kguQ4/o1D3RIHRmhYFG4pnNyonvua+40rqcEmT4+V71yaZ3B457xbbgCsCfjSPi65u/W6vK1U5Q==
  /fresh/0.5.2:
    dev: false
    engines:
      node: '>= 0.6'
    resolution:
      integrity: sha1-PYyt2Q2XZWn6g1qx+OSyOhBWBac=
  /from/0.1.7:
    dev: true
    resolution:
      integrity: sha1-g8YK/Fi5xWmXAH7Rp2izqzA6RP4=
  /fs.realpath/1.0.0:
    dev: true
    resolution:
      integrity: sha1-FQStJSMVjKpA20onh8sBQRmU6k8=
  /function-bind/1.1.1:
    dev: false
    resolution:
      integrity: sha512-yIovAzMX49sF8Yl58fSCWJ5svSLuaibPxXQJFLmBObTuCr0Mf1KiPopGM9NiFjiYBCbfaa2Fh6breQ6ANVTI0A==
  /get-intrinsic/1.1.1:
    dependencies:
      function-bind: 1.1.1
      has: 1.0.3
      has-symbols: 1.0.2
    dev: false
    resolution:
      integrity: sha512-kWZrnVM42QCiEA2Ig1bG8zjoIMOgxWwYCEeNdwY6Tv/cOSeGpcoX4pXHfKUxNKVoArnrEr2e9srnAxxGIraS9Q==
  /glob/7.1.6:
    dependencies:
      fs.realpath: 1.0.0
      inflight: 1.0.6
      inherits: 2.0.4
      minimatch: 3.0.4
      once: 1.4.0
      path-is-absolute: 1.0.1
    dev: true
    resolution:
      integrity: sha512-LwaxwyZ72Lk7vZINtNNrywX0ZuLyStrdDtabefZKAY5ZGJhVtgdznluResxNmPitE0SAO+O26sWTHeKSI2wMBA==
  /has-flag/3.0.0:
    dev: false
    engines:
      node: '>=4'
    resolution:
      integrity: sha1-tdRU3CGZriJWmfNGfloH87lVuv0=
  /has-symbols/1.0.2:
    dev: false
    engines:
      node: '>= 0.4'
    resolution:
      integrity: sha512-chXa79rL/UC2KlX17jo3vRGz0azaWEx5tGqZg5pO3NUyEJVB17dMruQlzCCOfUvElghKcm5194+BCRvi2Rv/Gw==
  /has/1.0.3:
    dependencies:
      function-bind: 1.1.1
    dev: false
    engines:
      node: '>= 0.4.0'
    resolution:
      integrity: sha512-f2dvO0VU6Oej7RkWJGrehjbzMAjFp5/VKPp5tTpWIV4JHHZK1/BxbFRtf/siA2SWTe09caDmVtYYzWEIbBS4zw==
  /http-assert/1.4.1:
    dependencies:
      deep-equal: 1.0.1
      http-errors: 1.7.3
    dev: false
    engines:
      node: '>= 0.8'
    resolution:
      integrity: sha512-rdw7q6GTlibqVVbXr0CKelfV5iY8G2HqEUkhSk297BMbSpSL8crXC+9rjKoMcZZEsksX30le6f/4ul4E28gegw==
  /http-errors/1.6.3:
    dependencies:
      depd: 1.1.2
      inherits: 2.0.3
      setprototypeof: 1.1.0
      statuses: 1.5.0
    dev: false
    engines:
      node: '>= 0.6'
    resolution:
      integrity: sha1-i1VoC7S+KDoLW/TqLjhYC+HZMg0=
  /http-errors/1.7.3:
    dependencies:
      depd: 1.1.2
      inherits: 2.0.4
      setprototypeof: 1.1.1
      statuses: 1.5.0
      toidentifier: 1.0.0
    dev: false
    engines:
      node: '>= 0.6'
    resolution:
      integrity: sha512-ZTTX0MWrsQ2ZAhA1cejAwDLycFsd7I7nVtnkT3Ol0aqodaKW+0CTZDQ1uBv5whptCnc8e8HeRRJxRs0kmm/Qfw==
  /http-errors/1.8.0:
    dependencies:
      depd: 1.1.2
      inherits: 2.0.4
      setprototypeof: 1.2.0
      statuses: 1.5.0
      toidentifier: 1.0.0
    dev: false
    engines:
      node: '>= 0.6'
    resolution:
      integrity: sha512-4I8r0C5JDhT5VkvI47QktDW75rNlGVsUf/8hzjCC/wkWI/jdTRmBb9aI7erSG82r1bjKY3F6k28WnsVxB1C73A==
  /iconv-lite/0.4.24:
    dependencies:
      safer-buffer: 2.1.2
    dev: false
    engines:
      node: '>=0.10.0'
    resolution:
      integrity: sha512-v3MXnZAcvnywkTUEZomIActle7RXXeedOR31wwl7VlyoXO4Qi9arvSenNQWne1TcRwhCL1HwLI21bEqdpj8/rA==
  /inflation/2.0.0:
    dev: false
    engines:
      node: '>= 0.8.0'
    resolution:
      integrity: sha1-i0F+R8KPklpFEz2RTKH9OJEH8w8=
  /inflight/1.0.6:
    dependencies:
      once: 1.4.0
      wrappy: 1.0.2
    dev: true
    resolution:
      integrity: sha1-Sb1jMdfQLQwJvJEKEHW6gWW1bfk=
  /inherits/2.0.3:
    dev: false
    resolution:
      integrity: sha1-Yzwsg+PaQqUC9SRmAiSA9CCCYd4=
  /inherits/2.0.4:
    resolution:
      integrity: sha512-k/vGaX4/Yla3WzyMCvTQOXYeIHvqOKtnqBduzTHpzpQZzAskKMhZ2K+EnBiSM9zGSoIFeMpXKxa4dYeZIQqewQ==
  /is-generator-function/1.0.8:
    dev: false
    engines:
      node: '>= 0.4'
    resolution:
      integrity: sha512-2Omr/twNtufVZFr1GhxjOMFPAj2sjc/dKaIqBhvo4qciXfJmITGH6ZGd8eZYNHza8t1y0e01AuqRhJwfWp26WQ==
  /isexe/2.0.0:
    dev: true
    resolution:
      integrity: sha1-6PvzdNxVb/iUehDcsFctYz8s+hA=
  /keygrip/1.1.0:
    dependencies:
      tsscmp: 1.0.6
    dev: false
    engines:
      node: '>= 0.6'
    resolution:
      integrity: sha512-iYSchDJ+liQ8iwbSI2QqsQOvqv58eJCEanyJPJi+Khyu8smkcKSFUCbPwzFcL7YVtZ6eONjqRX/38caJ7QjRAQ==
  /koa-body/4.2.0:
    dependencies:
      '@types/formidable': 1.2.0
      co-body: 5.2.0
      formidable: 1.2.2
    dev: false
    resolution:
      integrity: sha512-wdGu7b9amk4Fnk/ytH8GuWwfs4fsB5iNkY8kZPpgQVb04QZSv85T0M8reb+cJmvLE8cjPYvBzRikD3s6qz8OoA==
  /koa-compose/3.2.1:
    dependencies:
      any-promise: 1.3.0
    dev: false
    resolution:
      integrity: sha1-qFzLQLfZhtjlo0Wzoazo6rz1Tec=
  /koa-compose/4.1.0:
    dev: false
    resolution:
      integrity: sha512-8ODW8TrDuMYvXRwra/Kh7/rJo9BtOfPc6qO8eAfC80CnCvSjSl0bkRM24X6/XBBEyj0v1nRUQ1LyOy3dbqOWXw==
  /koa-compress/5.0.1:
    dependencies:
      bytes: 3.1.0
      compressible: 2.0.18
      http-errors: 1.8.0
      koa-is-json: 1.0.0
      statuses: 2.0.1
    dev: false
    engines:
      node: '>= 8.0.0'
    resolution:
      integrity: sha512-uTo7Hcyyt6e9o2X3htRS/SNEKy9vDOUc/r1qs/F0YI2Frv9IEbkjz/9dC6IdJWBQAG34lRuU7jBXeq3DRur9Ng==
  /koa-convert/1.2.0:
    dependencies:
      co: 4.6.0
      koa-compose: 3.2.1
    dev: false
    engines:
      node: '>= 4'
    resolution:
      integrity: sha1-2kCHXfSd4FOQmNFwC1CCDOvNIdA=
  /koa-is-json/1.0.0:
    dev: false
    resolution:
      integrity: sha1-JzwH7c3Ljfaiwat9We52SRRR7BQ=
  /koa-router/10.0.0:
    dependencies:
      debug: 4.3.1
      http-errors: 1.8.0
      koa-compose: 4.1.0
      methods: 1.1.2
      path-to-regexp: 6.2.0
    dev: false
    engines:
      node: '>= 8.0.0'
    resolution:
      integrity: sha512-gAE5J1gBQTvfR8rMMtMUkE26+1MbO3DGpGmvfmM2pR9Z7w2VIb2Ecqeal98yVO7+4ltffby7gWOzpCmdNOQe0w==
  /koa-send/5.0.1:
    dependencies:
      debug: 4.3.1
      http-errors: 1.8.0
      resolve-path: 1.4.0
    dev: false
    engines:
      node: '>= 8'
    resolution:
      integrity: sha512-tmcyQ/wXXuxpDxyNXv5yNNkdAMdFRqwtegBXUaowiQzUKqJehttS0x2j0eOZDQAyloAth5w6wwBImnFzkUz3pQ==
  /koa-static/5.0.0:
    dependencies:
      debug: 3.2.7
      koa-send: 5.0.1
    dev: false
    engines:
      node: '>= 7.6.0'
    resolution:
      integrity: sha512-UqyYyH5YEXaJrf9S8E23GoJFQZXkBVJ9zYYMPGz919MSX1KuvAcycIuS0ci150HCoPf4XQVhQ84Qf8xRPWxFaQ==
  /koa/2.13.1:
    dependencies:
      accepts: 1.3.7
      cache-content-type: 1.0.1
      content-disposition: 0.5.3
      content-type: 1.0.4
      cookies: 0.8.0
      debug: 3.1.0
      delegates: 1.0.0
      depd: 2.0.0
      destroy: 1.0.4
      encodeurl: 1.0.2
      escape-html: 1.0.3
      fresh: 0.5.2
      http-assert: 1.4.1
      http-errors: 1.8.0
      is-generator-function: 1.0.8
      koa-compose: 4.1.0
      koa-convert: 1.2.0
      on-finished: 2.3.0
      only: 0.0.2
      parseurl: 1.3.3
      statuses: 1.5.0
      type-is: 1.6.18
      vary: 1.1.2
    dev: false
    engines:
      node: ^4.8.4 || ^6.10.1 || ^7.10.1 || >= 8.1.4
    resolution:
      integrity: sha512-Lb2Dloc72auj5vK4X4qqL7B5jyDPQaZucc9sR/71byg7ryoD1NCaCm63CShk9ID9quQvDEi1bGR/iGjCG7As3w==
  /lodash.camelcase/4.3.0:
    dev: false
    resolution:
      integrity: sha1-soqmKIorn8ZRA1x3EfZathkDMaY=
  /lokijs/1.5.11:
    dev: false
    resolution:
      integrity: sha512-YYyuBPxMn/oS0tFznQDbIX5XL1ltMcwFqCboDr8voYE4VCDzR5vAsrvQDhlnua4lBeqMqHmLvUXRTmRUzUKH1Q==
  /map-stream/0.1.0:
    dev: true
    resolution:
      integrity: sha1-5WqpTEyAVaFkBKBnS3jyFffI4ZQ=
  /media-typer/0.3.0:
    dev: false
    engines:
      node: '>= 0.6'
    resolution:
      integrity: sha1-hxDXrwqmJvj/+hzgAWhUUmMlV0g=
  /methods/1.1.2:
    dev: false
    engines:
      node: '>= 0.6'
    resolution:
      integrity: sha1-VSmk1nZUE07cxSZmVoNbD4Ua/O4=
  /mime-db/1.46.0:
    dev: false
    engines:
      node: '>= 0.6'
    resolution:
      integrity: sha512-svXaP8UQRZ5K7or+ZmfNhg2xX3yKDMUzqadsSqi4NCH/KomcH75MAMYAGVlvXn4+b/xOPhS3I2uHKRUzvjY7BQ==
  /mime-types/2.1.29:
    dependencies:
      mime-db: 1.46.0
    dev: false
    engines:
      node: '>= 0.6'
    resolution:
      integrity: sha512-Y/jMt/S5sR9OaqteJtslsFZKWOIIqMACsJSiHghlCAyhf7jfVYjKBmLiX8OgpWeW+fjJ2b+Az69aPFPkUOY6xQ==
  /minimatch/3.0.4:
    dependencies:
      brace-expansion: 1.1.11
    dev: true
    resolution:
      integrity: sha512-yJHVQEhyqPLUTgt9B83PXu6W3rx4MvvHvSUvToogpwoGDOUQ+yDrR0HRot+yOCdCO7u4hX3pWft6kWBBcqh0UA==
  /ms/2.0.0:
    dev: false
    resolution:
      integrity: sha1-VgiurfwAvmwpAd9fmGF4jeDVl8g=
  /ms/2.1.2:
    dev: false
    resolution:
      integrity: sha512-sGkPx+VjMtmA6MX27oA4FBFELFCZZ4S4XqeGOXCv68tT+jb3vk/RyaKWP0PTKyWtmLSM0b+adUTEvbs1PEaH2w==
  /ms/2.1.3:
    dev: false
    resolution:
      integrity: sha512-6FlzubTLZG3J2a/NVCAleEhjzq5oxgHyaCU9yYXvcLsvoVaHJq/s5xXI6/XXP6tz7R9xAOtHnSO/tXtF3WRTlA==
  /negotiator/0.6.2:
    dev: false
    engines:
      node: '>= 0.6'
    resolution:
      integrity: sha512-hZXc7K2e+PgeI1eDBe/10Ard4ekbfrrqG8Ep+8Jmf4JID2bNg7NvCPOZN+kfF574pFQI7mum2AUqDidoKqcTOw==
  /node-cleanup/2.1.2:
    dev: true
    resolution:
      integrity: sha1-esGavSl+Caf3KnFUXZUbUX5N3iw=
  /object-assign/4.1.1:
    dev: false
    engines:
      node: '>=0.10.0'
    resolution:
      integrity: sha1-IQmtx5ZYh8/AXLvUQsrIv7s2CGM=
  /object-inspect/1.9.0:
    dev: false
    resolution:
      integrity: sha512-i3Bp9iTqwhaLZBxGkRfo5ZbE07BQRT7MGu8+nNgwW9ItGp1TzCTw2DLEoWwjClxBjOFI/hWljTAmYGCEwmtnOw==
  /on-finished/2.3.0:
    dependencies:
      ee-first: 1.1.1
    dev: false
    engines:
      node: '>= 0.8'
    resolution:
      integrity: sha1-IPEzZIGwg811M3mSoWlxqi2QaUc=
  /once/1.4.0:
    dependencies:
      wrappy: 1.0.2
    dev: true
    resolution:
      integrity: sha1-WDsap3WWHUsROsF9nFC6753Xa9E=
  /only/0.0.2:
    dev: false
    resolution:
      integrity: sha1-Kv3oTQPlC5qO3EROMGEKcCle37Q=
  /parseurl/1.3.3:
    dev: false
    engines:
      node: '>= 0.8'
    resolution:
      integrity: sha512-CiyeOxFT/JZyN5m0z9PfXw4SCBJ6Sygz1Dpl0wqjlhDEGGBP1GnsUVEL0p63hoG1fcj3fHynXi9NYO4nWOL+qQ==
  /path-is-absolute/1.0.1:
    engines:
      node: '>=0.10.0'
    resolution:
      integrity: sha1-F0uSaHNVNP+8es5r9TpanhtcX18=
  /path-key/3.1.1:
    dev: true
    engines:
      node: '>=8'
    resolution:
      integrity: sha512-ojmeN0qd+y0jszEtoY48r0Peq5dwMEkIlCOu6Q5f41lfkswXuKtYrhgoTpLnyIcHm24Uhqx+5Tqm2InSwLhE6Q==
  /path-to-regexp/6.2.0:
    dev: false
    resolution:
      integrity: sha512-f66KywYG6+43afgE/8j/GoiNyygk/bnoCbps++3ErRKsIYkGGupyv07R2Ok5m9i67Iqc+T2g1eAUGUPzWhYTyg==
  /pause-stream/0.0.11:
    dependencies:
      through: 2.3.8
    dev: true
    resolution:
      integrity: sha1-/lo0sMvOErWqaitAPuLnO2AvFEU=
  /ps-tree/1.2.0:
    dependencies:
      event-stream: 3.3.4
    dev: true
    engines:
      node: '>= 0.10'
    hasBin: true
    resolution:
      integrity: sha512-0VnamPPYHl4uaU/nSFeZZpR21QAWRz+sRv4iW9+v/GS/J5U5iZB5BNN6J0RMoOvdx2gWM2+ZFMIm58q24e4UYA==
  /qs/6.10.1:
    dependencies:
      side-channel: 1.0.4
    dev: false
    engines:
      node: '>=0.6'
    resolution:
      integrity: sha512-M528Hph6wsSVOBiYUnGf+K/7w0hNshs/duGsNXPUCLH5XAqjEtiPGwNONLV0tBH8NoGb0mvD5JubnUTrujKDTg==
  /raw-body/2.4.1:
    dependencies:
      bytes: 3.1.0
      http-errors: 1.7.3
      iconv-lite: 0.4.24
      unpipe: 1.0.0
    dev: false
    engines:
      node: '>= 0.8'
    resolution:
      integrity: sha512-9WmIKF6mkvA0SLmA2Knm9+qj89e+j1zqgyn8aXGd7+nAduPoqgI9lO57SAZNn/Byzo5P7JhXTyg9PzaJbH73bA==
  /reduce-flatten/2.0.0:
    dev: false
    engines:
      node: '>=6'
    resolution:
      integrity: sha512-EJ4UNY/U1t2P/2k6oqotuX2Cc3T6nxJwsM0N0asT7dhrtH1ltUxDn4NalSYmPE2rCkVpcf/X6R0wDwcFpzhd4w==
  /resolve-path/1.4.0:
    dependencies:
      http-errors: 1.6.3
      path-is-absolute: 1.0.1
    dev: false
    engines:
      node: '>= 0.8'
    resolution:
      integrity: sha1-xL2p9e+y/OZSR4c6s2u02DT+Fvc=
  /rfc6902/4.0.2:
    dev: false
    resolution:
      integrity: sha512-MJOC4iDSv3Qn5/QvhPbrNoRongti6moXSShcRmtbNqOk0WPxlviEdMV4bb9PaULhSxLUXzWd4AjAMKQ3j3y54w==
  /rimraf/3.0.2:
    dependencies:
      glob: 7.1.6
    dev: true
    hasBin: true
    resolution:
      integrity: sha512-JZkJMZkAGFFPP2YqXZXPbMlMBgsxzE8ILs4lMIX/2o0L9UBw9O/Y3o6wFw/i9YLapcUJWwqbi3kdxIPdC62TIA==
  /safe-buffer/5.1.2:
    dev: false
    resolution:
      integrity: sha512-Gd2UZBJDkXlY7GbJxfsE8/nvKkUEU1G38c1siN6QP6a9PT9MmHB8GnpscSmMJSoF8LOIrt8ud/wPtojys4G6+g==
  /safer-buffer/2.1.2:
    dev: false
    resolution:
      integrity: sha512-YZo3K82SD7Riyi0E1EQPojLz7kpepnSQI9IyPbHHg1XXXevb5dJI7tpyN2ADxGcQbHG7vcyRHk0cbwqcQriUtg==
  /setprototypeof/1.1.0:
    dev: false
    resolution:
      integrity: sha512-BvE/TwpZX4FXExxOxZyRGQQv651MSwmWKZGqvmPcRIjDqWub67kTKuIMx43cZZrS/cBBzwBcNDWoFxt2XEFIpQ==
  /setprototypeof/1.1.1:
    dev: false
    resolution:
      integrity: sha512-JvdAWfbXeIGaZ9cILp38HntZSFSo3mWg6xGcJJsd+d4aRMOqauag1C63dJfDw7OaMYwEbHMOxEZ1lqVRYP2OAw==
  /setprototypeof/1.2.0:
    dev: false
    resolution:
      integrity: sha512-E5LDX7Wrp85Kil5bhZv46j8jOeboKq5JMmYM3gVGdGH8xFpPWXUMsNrlODCrkoxMEeNi/XZIwuRvY4XNwYMJpw==
  /shebang-command/2.0.0:
    dependencies:
      shebang-regex: 3.0.0
    dev: true
    engines:
      node: '>=8'
    resolution:
      integrity: sha512-kHxr2zZpYtdmrN1qDjrrX/Z1rR1kG8Dx+gkpK1G4eXmvXswmcE1hTWBWYUzlraYw1/yZp6YuDY77YtvbN0dmDA==
  /shebang-regex/3.0.0:
    dev: true
    engines:
      node: '>=8'
    resolution:
      integrity: sha512-7++dFhtcx3353uBaq8DDR4NuxBetBzC7ZQOhmTQInHEd6bSrXdiEyzCvG07Z44UYdLShWUyXt5M/yhz8ekcb1A==
  /side-channel/1.0.4:
    dependencies:
      call-bind: 1.0.2
      get-intrinsic: 1.1.1
      object-inspect: 1.9.0
    dev: false
    resolution:
      integrity: sha512-q5XPytqFEIKHkGdiMIrY10mvLRvnQh42/+GoBlFW3b2LXLE2xxJpZFdm94we0BaoV3RwJyGqg5wS7epxTv0Zvw==
  /socket.io-adapter/2.2.0:
    dev: false
    resolution:
      integrity: sha512-rG49L+FwaVEwuAdeBRq49M97YI3ElVabJPzvHT9S6a2CWhDKnjSFasvwAwSYPRhQzfn4NtDIbCaGYgOCOU/rlg==
  /socket.io-parser/4.0.4:
    dependencies:
      '@types/component-emitter': 1.2.10
      component-emitter: 1.3.0
      debug: 4.3.1
    dev: false
    engines:
      node: '>=10.0.0'
    resolution:
      integrity: sha512-t+b0SS+IxG7Rxzda2EVvyBZbvFPBCjJoyHuE0P//7OAsN23GItzDRdWa6ALxZI/8R5ygK7jAR6t028/z+7295g==
  /socket.io/4.0.0:
    dependencies:
      '@types/cookie': 0.4.0
      '@types/cors': 2.8.10
      '@types/node': 14.14.35
      accepts: 1.3.7
      base64id: 2.0.0
      debug: 4.3.1
      engine.io: 5.0.0
      socket.io-adapter: 2.2.0
      socket.io-parser: 4.0.4
    dev: false
    engines:
      node: '>=10.0.0'
    resolution:
      integrity: sha512-/c1riZMV/4yz7KEpaMhDQbwhJDIoO55whXaRKgyEBQrLU9zUHXo9rzeTMvTOqwL9mbKfHKdrXcMoCeQ/1YtMsg==
  /split/0.3.3:
    dependencies:
      through: 2.3.8
    dev: true
    resolution:
      integrity: sha1-zQ7qXmOiEd//frDwkcQTPi0N0o8=
  /statuses/1.5.0:
    dev: false
    engines:
      node: '>= 0.6'
    resolution:
      integrity: sha1-Fhx9rBd2Wf2YEfQ3cfqZOBR4Yow=
  /statuses/2.0.1:
    dev: false
    engines:
      node: '>= 0.8'
    resolution:
      integrity: sha512-RwNA9Z/7PrK06rYLIzFMlaF+l73iwpzsqRIFgbMLbTcLD6cOao82TaWefPXQvB2fOC4AjuYSEndS7N/mTCbkdQ==
  /stream-combiner/0.0.4:
    dependencies:
      duplexer: 0.1.2
    dev: true
    resolution:
      integrity: sha1-TV5DPBhSYd3mI8o/RMWGvPXErRQ=
  /string-argv/0.1.2:
    dev: true
    engines:
      node: '>=0.6.19'
    resolution:
      integrity: sha512-mBqPGEOMNJKXRo7z0keX0wlAhbBAjilUdPW13nN0PecVryZxdHIeM7TqbsSUA7VYuS00HGC6mojP7DlQzfa9ZA==
  /strip-ansi/6.0.0:
    dependencies:
      ansi-regex: 5.0.0
    dev: true
    engines:
      node: '>=8'
    resolution:
      integrity: sha512-AuvKTrTfQNYNIctbR1K/YGTR1756GycPsg7b9bdV9Duqur4gv6aKqHXah67Z8ImS7WEz5QVcOtlfW2rZEugt6w==
  /supports-color/5.5.0:
    dependencies:
      has-flag: 3.0.0
    dev: false
    engines:
      node: '>=4'
    resolution:
      integrity: sha512-QjVjwdXIt408MIiAqCX4oUKsgU2EqAGzs2Ppkm4aQYbjm+ZEWEcW4SfFNTr4uMNZma0ey4f5lgLrkB0aX0QMow==
  /table-layout/1.0.2:
    dependencies:
      array-back: 4.0.1
      deep-extend: 0.6.0
      typical: 5.2.0
      wordwrapjs: 4.0.1
    dev: false
    engines:
      node: '>=8.0.0'
    resolution:
      integrity: sha512-qd/R7n5rQTRFi+Zf2sk5XVVd9UQl6ZkduPFC3S7WEGJAmetDTjY3qPN50eSKzwuzEyQKy5TN2TiZdkIjos2L6A==
  /through/2.3.8:
    dev: true
    resolution:
      integrity: sha1-DdTJ/6q8NXlgsbckEV1+Doai4fU=
  /toidentifier/1.0.0:
    dev: false
    engines:
      node: '>=0.6'
    resolution:
      integrity: sha512-yaOH/Pk/VEhBWWTlhI+qXxDFXlejDGcQipMlyxda9nthulaxLZUNcUqFxokp0vcYnvteJln5FNQDRrxj3YcbVw==
  /tsc-watch/4.2.9_typescript@4.2.3:
    dependencies:
      cross-spawn: 7.0.3
      node-cleanup: 2.1.2
      ps-tree: 1.2.0
      string-argv: 0.1.2
      strip-ansi: 6.0.0
      typescript: 4.2.3
    dev: true
    engines:
      node: '>=8.17.0'
    hasBin: true
    peerDependencies:
      typescript: '*'
    resolution:
      integrity: sha512-DlTaoDs74+KUpyWr7dCGhuscAUKCz6CiFduBN7R9RbLJSSN1moWdwoCLASE7+zLgGvV5AwXfYDiEMAsPGaO+Vw==
  /tsscmp/1.0.6:
    dev: false
    engines:
      node: '>=0.6.x'
    resolution:
      integrity: sha512-LxhtAkPDTkVCMQjt2h6eBVY28KCjikZqZfMcC15YBeNjkgUpdCfBu5HoiOTDu86v6smE8yOjyEktJ8hlbANHQA==
  /type-is/1.6.18:
    dependencies:
      media-typer: 0.3.0
      mime-types: 2.1.29
    dev: false
    engines:
      node: '>= 0.6'
    resolution:
      integrity: sha512-TkRKr9sUTxEH8MdfuCSP7VizJyzRNMjj2J2do2Jr3Kym598JVdEksuzPQCnlFPW4ky9Q+iA+ma9BGm06XQBy8g==
  /typescript/4.2.3:
    dev: true
    engines:
      node: '>=4.2.0'
    hasBin: true
    resolution:
      integrity: sha512-qOcYwxaByStAWrBf4x0fibwZvMRG+r4cQoTjbPtUlrWjBHbmCAww1i448U0GJ+3cNNEtebDteo/cHOR3xJ4wEw==
  /typical/4.0.0:
    dev: false
    engines:
      node: '>=8'
    resolution:
      integrity: sha512-VAH4IvQ7BDFYglMd7BPRDfLgxZZX4O4TFcRDA6EN5X7erNJJq+McIEp8np9aVtxrCJ6qx4GTYVfOWNjcqwZgRw==
  /typical/5.2.0:
    dev: false
    engines:
      node: '>=8'
    resolution:
      integrity: sha512-dvdQgNDNJo+8B2uBQoqdb11eUCE1JQXhvjC/CZtgvZseVd5TYMXnq0+vuUemXbd/Se29cTaUuPX3YIc2xgbvIg==
  /unpipe/1.0.0:
    dev: false
    engines:
      node: '>= 0.8'
    resolution:
      integrity: sha1-sr9O6FFKrmFltIF4KdIbLvSZBOw=
  /vary/1.1.2:
    dev: false
    engines:
      node: '>= 0.8'
    resolution:
      integrity: sha1-IpnwLG3tMNSllhsLn3RSShj2NPw=
  /which/2.0.2:
    dependencies:
      isexe: 2.0.0
    dev: true
    engines:
      node: '>= 8'
    hasBin: true
    resolution:
      integrity: sha512-BLI3Tl1TW3Pvl70l3yq3Y64i+awpwXqsGBYWkkqMtnbXgrMD+yj7rhW0kuEDxzJaYXGjEW5ogapKNMEKNMjibA==
  /wordwrapjs/4.0.1:
    dependencies:
      reduce-flatten: 2.0.0
      typical: 5.2.0
    dev: false
    engines:
      node: '>=8.0.0'
    resolution:
      integrity: sha512-kKlNACbvHrkpIw6oPeYDSmdCTu2hdMHoyXLTcUKala++lx5Y+wjJ/e474Jqv5abnVmwxw08DiTuHmw69lJGksA==
  /wrappy/1.0.2:
    dev: true
    resolution:
      integrity: sha1-tSQ9jz7BqjXxNkYFvA0QNuMKtp8=
  /ws/7.4.4:
    dev: false
    engines:
      node: '>=8.3.0'
    peerDependencies:
      bufferutil: ^4.0.1
      utf-8-validate: ^5.0.2
    peerDependenciesMeta:
      bufferutil:
        optional: true
      utf-8-validate:
        optional: true
    resolution:
      integrity: sha512-Qm8k8ojNQIMx7S+Zp8u/uHOx7Qazv3Yv4q68MiWWWOJhiwG5W3x7iqmRtJo8xxrciZUY4vRxUTJCKuRnF28ZZw==
  /ylru/1.2.1:
    dev: false
    engines:
      node: '>= 4.0.0'
    resolution:
      integrity: sha512-faQrqNMzcPCHGVC2aaOINk13K+aaBDUPjGWl0teOXywElLjyVAB6Oe2jj62jHYtwsU49jXhScYbvPENK+6zAvQ==
specifiers:
  '@koa/cors': ^3.1.0
  '@types/command-line-args': ^5.0.0
  '@types/koa': ^2.13.1
  '@types/koa-compose': ^3.2.5
  '@types/koa-compress': ^4.0.1
  '@types/koa-router': ^7.4.1
  '@types/koa-static': ^4.0.1
  '@types/lokijs': ^1.5.3
  '@types/node': ^14.14.35
  command-line-args: ^5.1.1
  command-line-usage: ^6.1.1
  dotenv: ^8.2.0
  koa: ^2.13.1
  koa-body: ^4.2.0
  koa-compress: ^5.0.1
  koa-router: ^10.0.0
  koa-static: ^5.0.0
  lokijs: ^1.5.11
  rfc6902: ^4.0.2
  rimraf: ^3.0.2
  socket.io: ^4.0.0
  tsc-watch: ^4.2.9
  typescript: ^4.2.3
